// !$*UTF8*$!
{
	archiveVersion = 1;
	classes = {
	};
	objectVersion = 46;
	objects = {

/* Begin PBXBuildFile section */
		121419B31E026D8C00633151 /* ModalViewController.swift in Sources */ = {isa = PBXBuildFile; fileRef = 121419B21E026D8C00633151 /* ModalViewController.swift */; };
		121419B51E027A7900633151 /* ContactsTableViewController.swift in Sources */ = {isa = PBXBuildFile; fileRef = 121419B41E027A7900633151 /* ContactsTableViewController.swift */; };
		121419B91E0288CC00633151 /* ContactsTableViewCell.swift in Sources */ = {isa = PBXBuildFile; fileRef = 121419B81E0288CC00633151 /* ContactsTableViewCell.swift */; };
		121419BB1E028FC600633151 /* LoginViewController.swift in Sources */ = {isa = PBXBuildFile; fileRef = 121419BA1E028FC600633151 /* LoginViewController.swift */; };
		121419BD1E0299E700633151 /* Tweet.swift in Sources */ = {isa = PBXBuildFile; fileRef = 121419BC1E0299E700633151 /* Tweet.swift */; };
		127A22DC1DF142980002EF34 /* AppDelegate.swift in Sources */ = {isa = PBXBuildFile; fileRef = 127A22DB1DF142980002EF34 /* AppDelegate.swift */; };
		127A22E11DF142980002EF34 /* Main.storyboard in Resources */ = {isa = PBXBuildFile; fileRef = 127A22DF1DF142980002EF34 /* Main.storyboard */; };
		127A22E31DF142980002EF34 /* Assets.xcassets in Resources */ = {isa = PBXBuildFile; fileRef = 127A22E21DF142980002EF34 /* Assets.xcassets */; };
		127A22E61DF142980002EF34 /* LaunchScreen.storyboard in Resources */ = {isa = PBXBuildFile; fileRef = 127A22E41DF142980002EF34 /* LaunchScreen.storyboard */; };
		127A22EE1DF146D90002EF34 /* HelloViewController.swift in Sources */ = {isa = PBXBuildFile; fileRef = 127A22ED1DF146D90002EF34 /* HelloViewController.swift */; };
		1288ECDB1DF944AF00149DCE /* ProfileViewController.swift in Sources */ = {isa = PBXBuildFile; fileRef = 1288ECDA1DF944AF00149DCE /* ProfileViewController.swift */; };
		128E35AB1E03BC8B00F8021F /* ContactDetailsViewController.swift in Sources */ = {isa = PBXBuildFile; fileRef = 128E35AA1E03BC8B00F8021F /* ContactDetailsViewController.swift */; };
		128E35AD1E03BD5900F8021F /* User.swift in Sources */ = {isa = PBXBuildFile; fileRef = 128E35AC1E03BD5900F8021F /* User.swift */; };
		128E35B11E03BE2900F8021F /* DataProvider.swift in Sources */ = {isa = PBXBuildFile; fileRef = 128E35B01E03BE2900F8021F /* DataProvider.swift */; };
/* End PBXBuildFile section */

/* Begin PBXFileReference section */
		121419B21E026D8C00633151 /* ModalViewController.swift */ = {isa = PBXFileReference; fileEncoding = 4; lastKnownFileType = sourcecode.swift; path = ModalViewController.swift; sourceTree = "<group>"; };
		121419B41E027A7900633151 /* ContactsTableViewController.swift */ = {isa = PBXFileReference; fileEncoding = 4; lastKnownFileType = sourcecode.swift; path = ContactsTableViewController.swift; sourceTree = "<group>"; };
		121419B81E0288CC00633151 /* ContactsTableViewCell.swift */ = {isa = PBXFileReference; fileEncoding = 4; lastKnownFileType = sourcecode.swift; path = ContactsTableViewCell.swift; sourceTree = "<group>"; };
		121419BA1E028FC600633151 /* LoginViewController.swift */ = {isa = PBXFileReference; fileEncoding = 4; lastKnownFileType = sourcecode.swift; path = LoginViewController.swift; sourceTree = "<group>"; };
		121419BC1E0299E700633151 /* Tweet.swift */ = {isa = PBXFileReference; fileEncoding = 4; lastKnownFileType = sourcecode.swift; path = Tweet.swift; sourceTree = "<group>"; };
		127A22D81DF142980002EF34 /* iOS-2.app */ = {isa = PBXFileReference; explicitFileType = wrapper.application; includeInIndex = 0; path = "iOS-2.app"; sourceTree = BUILT_PRODUCTS_DIR; };
		127A22DB1DF142980002EF34 /* AppDelegate.swift */ = {isa = PBXFileReference; lastKnownFileType = sourcecode.swift; path = AppDelegate.swift; sourceTree = "<group>"; };
		127A22E01DF142980002EF34 /* Base */ = {isa = PBXFileReference; lastKnownFileType = file.storyboard; name = Base; path = Base.lproj/Main.storyboard; sourceTree = "<group>"; };
		127A22E21DF142980002EF34 /* Assets.xcassets */ = {isa = PBXFileReference; lastKnownFileType = folder.assetcatalog; path = Assets.xcassets; sourceTree = "<group>"; };
		127A22E51DF142980002EF34 /* Base */ = {isa = PBXFileReference; lastKnownFileType = file.storyboard; name = Base; path = Base.lproj/LaunchScreen.storyboard; sourceTree = "<group>"; };
		127A22E71DF142980002EF34 /* Info.plist */ = {isa = PBXFileReference; lastKnownFileType = text.plist.xml; path = Info.plist; sourceTree = "<group>"; };
		127A22ED1DF146D90002EF34 /* HelloViewController.swift */ = {isa = PBXFileReference; fileEncoding = 4; lastKnownFileType = sourcecode.swift; path = HelloViewController.swift; sourceTree = "<group>"; };
		1288ECDA1DF944AF00149DCE /* ProfileViewController.swift */ = {isa = PBXFileReference; fileEncoding = 4; lastKnownFileType = sourcecode.swift; path = ProfileViewController.swift; sourceTree = "<group>"; };
		128E35AA1E03BC8B00F8021F /* ContactDetailsViewController.swift */ = {isa = PBXFileReference; fileEncoding = 4; lastKnownFileType = sourcecode.swift; path = ContactDetailsViewController.swift; sourceTree = "<group>"; };
		128E35AC1E03BD5900F8021F /* User.swift */ = {isa = PBXFileReference; fileEncoding = 4; lastKnownFileType = sourcecode.swift; path = User.swift; sourceTree = "<group>"; };
		128E35B01E03BE2900F8021F /* DataProvider.swift */ = {isa = PBXFileReference; fileEncoding = 4; lastKnownFileType = sourcecode.swift; path = DataProvider.swift; sourceTree = "<group>"; };
/* End PBXFileReference section */

/* Begin PBXFrameworksBuildPhase section */
		127A22D51DF142980002EF34 /* Frameworks */ = {
			isa = PBXFrameworksBuildPhase;
			buildActionMask = 2147483647;
			files = (
			);
			runOnlyForDeploymentPostprocessing = 0;
		};
/* End PBXFrameworksBuildPhase section */

/* Begin PBXGroup section */
		127A22CF1DF142980002EF34 = {
			isa = PBXGroup;
			children = (
				127A22DA1DF142980002EF34 /* iOS-2 */,
				127A22D91DF142980002EF34 /* Products */,
			);
			sourceTree = "<group>";
		};
		127A22D91DF142980002EF34 /* Products */ = {
			isa = PBXGroup;
			children = (
				127A22D81DF142980002EF34 /* iOS-2.app */,
			);
			name = Products;
			sourceTree = "<group>";
		};
		127A22DA1DF142980002EF34 /* iOS-2 */ = {
			isa = PBXGroup;
			children = (
				128E35AE1E03BDDE00F8021F /* Controllers */,
				127A22DB1DF142980002EF34 /* AppDelegate.swift */,
				127A22DF1DF142980002EF34 /* Main.storyboard */,
				127A22E21DF142980002EF34 /* Assets.xcassets */,
				127A22E41DF142980002EF34 /* LaunchScreen.storyboard */,
				127A22E71DF142980002EF34 /* Info.plist */,
				121419B81E0288CC00633151 /* ContactsTableViewCell.swift */,
				128E35AF1E03BE0200F8021F /* Models */,
			);
			path = "iOS-2";
			sourceTree = "<group>";
		};
		128E35AE1E03BDDE00F8021F /* Controllers */ = {
			isa = PBXGroup;
			children = (
				127A22ED1DF146D90002EF34 /* HelloViewController.swift */,
				1288ECDA1DF944AF00149DCE /* ProfileViewController.swift */,
				121419B21E026D8C00633151 /* ModalViewController.swift */,
				121419B41E027A7900633151 /* ContactsTableViewController.swift */,
				121419BA1E028FC600633151 /* LoginViewController.swift */,
				128E35AA1E03BC8B00F8021F /* ContactDetailsViewController.swift */,
			);
			name = Controllers;
			sourceTree = "<group>";
		};
		128E35AF1E03BE0200F8021F /* Models */ = {
			isa = PBXGroup;
			children = (
				121419BC1E0299E700633151 /* Tweet.swift */,
				128E35AC1E03BD5900F8021F /* User.swift */,
				128E35B01E03BE2900F8021F /* DataProvider.swift */,
			);
			name = Models;
			sourceTree = "<group>";
		};
/* End PBXGroup section */

/* Begin PBXNativeTarget section */
		127A22D71DF142980002EF34 /* iOS-2 */ = {
			isa = PBXNativeTarget;
			buildConfigurationList = 127A22EA1DF142980002EF34 /* Build configuration list for PBXNativeTarget "iOS-2" */;
			buildPhases = (
				127A22D41DF142980002EF34 /* Sources */,
				127A22D51DF142980002EF34 /* Frameworks */,
				127A22D61DF142980002EF34 /* Resources */,
			);
			buildRules = (
			);
			dependencies = (
			);
			name = "iOS-2";
			productName = "iOS-2";
			productReference = 127A22D81DF142980002EF34 /* iOS-2.app */;
			productType = "com.apple.product-type.application";
		};
/* End PBXNativeTarget section */

/* Begin PBXProject section */
		127A22D01DF142980002EF34 /* Project object */ = {
			isa = PBXProject;
			attributes = {
				LastSwiftUpdateCheck = 0810;
				LastUpgradeCheck = 0810;
				ORGANIZATIONNAME = Shahin;
				TargetAttributes = {
					127A22D71DF142980002EF34 = {
						CreatedOnToolsVersion = 8.1;
						DevelopmentTeam = HEZ4SXCB33;
						ProvisioningStyle = Automatic;
					};
				};
			};
			buildConfigurationList = 127A22D31DF142980002EF34 /* Build configuration list for PBXProject "iOS-2" */;
			compatibilityVersion = "Xcode 3.2";
			developmentRegion = English;
			hasScannedForEncodings = 0;
			knownRegions = (
				en,
				Base,
			);
			mainGroup = 127A22CF1DF142980002EF34;
			productRefGroup = 127A22D91DF142980002EF34 /* Products */;
			projectDirPath = "";
			projectRoot = "";
			targets = (
				127A22D71DF142980002EF34 /* iOS-2 */,
			);
		};
/* End PBXProject section */

/* Begin PBXResourcesBuildPhase section */
		127A22D61DF142980002EF34 /* Resources */ = {
			isa = PBXResourcesBuildPhase;
			buildActionMask = 2147483647;
			files = (
				127A22E61DF142980002EF34 /* LaunchScreen.storyboard in Resources */,
				127A22E31DF142980002EF34 /* Assets.xcassets in Resources */,
				127A22E11DF142980002EF34 /* Main.storyboard in Resources */,
			);
			runOnlyForDeploymentPostprocessing = 0;
		};
/* End PBXResourcesBuildPhase section */

/* Begin PBXSourcesBuildPhase section */
		127A22D41DF142980002EF34 /* Sources */ = {
			isa = PBXSourcesBuildPhase;
			buildActionMask = 2147483647;
			files = (
				121419BB1E028FC600633151 /* LoginViewController.swift in Sources */,
				121419B31E026D8C00633151 /* ModalViewController.swift in Sources */,
				128E35AB1E03BC8B00F8021F /* ContactDetailsViewController.swift in Sources */,
				1288ECDB1DF944AF00149DCE /* ProfileViewController.swift in Sources */,
				121419B91E0288CC00633151 /* ContactsTableViewCell.swift in Sources */,
				128E35B11E03BE2900F8021F /* DataProvider.swift in Sources */,
				121419B51E027A7900633151 /* ContactsTableViewController.swift in Sources */,
				127A22DC1DF142980002EF34 /* AppDelegate.swift in Sources */,
				127A22EE1DF146D90002EF34 /* HelloViewController.swift in Sources */,
				128E35AD1E03BD5900F8021F /* User.swift in Sources */,
				121419BD1E0299E700633151 /* Tweet.swift in Sources */,
			);
			runOnlyForDeploymentPostprocessing = 0;
		};
/* End PBXSourcesBuildPhase section */

/* Begin PBXVariantGroup section */
		127A22DF1DF142980002EF34 /* Main.storyboard */ = {
			isa = PBXVariantGroup;
			children = (
				127A22E01DF142980002EF34 /* Base */,
			);
			name = Main.storyboard;
			sourceTree = "<group>";
		};
		127A22E41DF142980002EF34 /* LaunchScreen.storyboard */ = {
			isa = PBXVariantGroup;
			children = (
				127A22E51DF142980002EF34 /* Base */,
			);
			name = LaunchScreen.storyboard;
			sourceTree = "<group>";
		};
/* End PBXVariantGroup section */

/* Begin XCBuildConfiguration section */
		127A22E81DF142980002EF34 /* Debug */ = {
			isa = XCBuildConfiguration;
			buildSettings = {
				ALWAYS_SEARCH_USER_PATHS = NO;
				CLANG_ANALYZER_NONNULL = YES;
				CLANG_CXX_LANGUAGE_STANDARD = "gnu++0x";
				CLANG_CXX_LIBRARY = "libc++";
				CLANG_ENABLE_MODULES = YES;
				CLANG_ENABLE_OBJC_ARC = YES;
				CLANG_WARN_BOOL_CONVERSION = YES;
				CLANG_WARN_CONSTANT_CONVERSION = YES;
				CLANG_WARN_DIRECT_OBJC_ISA_USAGE = YES_ERROR;
				CLANG_WARN_DOCUMENTATION_COMMENTS = YES;
				CLANG_WARN_EMPTY_BODY = YES;
				CLANG_WARN_ENUM_CONVERSION = YES;
				CLANG_WARN_INFINITE_RECURSION = YES;
				CLANG_WARN_INT_CONVERSION = YES;
				CLANG_WARN_OBJC_ROOT_CLASS = YES_ERROR;
				CLANG_WARN_SUSPICIOUS_MOVES = YES;
				CLANG_WARN_UNREACHABLE_CODE = YES;
				CLANG_WARN__DUPLICATE_METHOD_MATCH = YES;
				"CODE_SIGN_IDENTITY[sdk=iphoneos*]" = "iPhone Developer";
				COPY_PHASE_STRIP = NO;
				DEBUG_INFORMATION_FORMAT = dwarf;
				ENABLE_STRICT_OBJC_MSGSEND = YES;
				ENABLE_TESTABILITY = YES;
				GCC_C_LANGUAGE_STANDARD = gnu99;
				GCC_DYNAMIC_NO_PIC = NO;
				GCC_NO_COMMON_BLOCKS = YES;
				GCC_OPTIMIZATION_LEVEL = 0;
				GCC_PREPROCESSOR_DEFINITIONS = (
					"DEBUG=1",
					"$(inherited)",
				);
				GCC_WARN_64_TO_32_BIT_CONVERSION = YES;
				GCC_WARN_ABOUT_RETURN_TYPE = YES_ERROR;
				GCC_WARN_UNDECLARED_SELECTOR = YES;
				GCC_WARN_UNINITIALIZED_AUTOS = YES_AGGRESSIVE;
				GCC_WARN_UNUSED_FUNCTION = YES;
				GCC_WARN_UNUSED_VARIABLE = YES;
				IPHONEOS_DEPLOYMENT_TARGET = 10.1;
				MTL_ENABLE_DEBUG_INFO = YES;
				ONLY_ACTIVE_ARCH = YES;
				SDKROOT = iphoneos;
				SWIFT_ACTIVE_COMPILATION_CONDITIONS = DEBUG;
				SWIFT_OPTIMIZATION_LEVEL = "-Onone";
				TARGETED_DEVICE_FAMILY = "1,2";
			};
			name = Debug;
		};
		127A22E91DF142980002EF34 /* Release */ = {
			isa = XCBuildConfiguration;
			buildSettings = {
				ALWAYS_SEARCH_USER_PATHS = NO;
				CLANG_ANALYZER_NONNULL = YES;
				CLANG_CXX_LANGUAGE_STANDARD = "gnu++0x";
				CLANG_CXX_LIBRARY = "libc++";
				CLANG_ENABLE_MODULES = YES;
				CLANG_ENABLE_OBJC_ARC = YES;
				CLANG_WARN_BOOL_CONVERSION = YES;
				CLANG_WARN_CONSTANT_CONVERSION = YES;
				CLANG_WARN_DIRECT_OBJC_ISA_USAGE = YES_ERROR;
				CLANG_WARN_DOCUMENTATION_COMMENTS = YES;
				CLANG_WARN_EMPTY_BODY = YES;
				CLANG_WARN_ENUM_CONVERSION = YES;
				CLANG_WARN_INFINITE_RECURSION = YES;
				CLANG_WARN_INT_CONVERSION = YES;
				CLANG_WARN_OBJC_ROOT_CLASS = YES_ERROR;
				CLANG_WARN_SUSPICIOUS_MOVES = YES;
				CLANG_WARN_UNREACHABLE_CODE = YES;
				CLANG_WARN__DUPLICATE_METHOD_MATCH = YES;
				"CODE_SIGN_IDENTITY[sdk=iphoneos*]" = "iPhone Developer";
				COPY_PHASE_STRIP = NO;
				DEBUG_INFORMATION_FORMAT = "dwarf-with-dsym";
				ENABLE_NS_ASSERTIONS = NO;
				ENABLE_STRICT_OBJC_MSGSEND = YES;
				GCC_C_LANGUAGE_STANDARD = gnu99;
				GCC_NO_COMMON_BLOCKS = YES;
				GCC_WARN_64_TO_32_BIT_CONVERSION = YES;
				GCC_WARN_ABOUT_RETURN_TYPE = YES_ERROR;
				GCC_WARN_UNDECLARED_SELECTOR = YES;
				GCC_WARN_UNINITIALIZED_AUTOS = YES_AGGRESSIVE;
				GCC_WARN_UNUSED_FUNCTION = YES;
				GCC_WARN_UNUSED_VARIABLE = YES;
				IPHONEOS_DEPLOYMENT_TARGET = 10.1;
				MTL_ENABLE_DEBUG_INFO = NO;
				SDKROOT = iphoneos;
				SWIFT_OPTIMIZATION_LEVEL = "-Owholemodule";
				TARGETED_DEVICE_FAMILY = "1,2";
				VALIDATE_PRODUCT = YES;
			};
			name = Release;
		};
		127A22EB1DF142980002EF34 /* Debug */ = {
			isa = XCBuildConfiguration;
			buildSettings = {
				ASSETCATALOG_COMPILER_APPICON_NAME = AppIcon;
				DEVELOPMENT_TEAM = HEZ4SXCB33;
				INFOPLIST_FILE = "iOS-2/Info.plist";
				LD_RUNPATH_SEARCH_PATHS = "$(inherited) @executable_path/Frameworks";
				PRODUCT_BUNDLE_IDENTIFIER = "co.jahesh.iOS-2";
				PRODUCT_NAME = "$(TARGET_NAME)";
				SWIFT_VERSION = 3.0;
			};
			name = Debug;
		};
		127A22EC1DF142980002EF34 /* Release */ = {
			isa = XCBuildConfiguration;
			buildSettings = {
				ASSETCATALOG_COMPILER_APPICON_NAME = AppIcon;
				DEVELOPMENT_TEAM = HEZ4SXCB33;
				INFOPLIST_FILE = "iOS-2/Info.plist";
				LD_RUNPATH_SEARCH_PATHS = "$(inherited) @executable_path/Frameworks";
				PRODUCT_BUNDLE_IDENTIFIER = "co.jahesh.iOS-2";
				PRODUCT_NAME = "$(TARGET_NAME)";
				SWIFT_VERSION = 3.0;
			};
			name = Release;
		};
/* End XCBuildConfiguration section */

/* Begin XCConfigurationList section */
		127A22D31DF142980002EF34 /* Build configuration list for PBXProject "iOS-2" */ = {
			isa = XCConfigurationList;
			buildConfigurations = (
				127A22E81DF142980002EF34 /* Debug */,
				127A22E91DF142980002EF34 /* Release */,
			);
			defaultConfigurationIsVisible = 0;
			defaultConfigurationName = Release;
		};
		127A22EA1DF142980002EF34 /* Build configuration list for PBXNativeTarget "iOS-2" */ = {
			isa = XCConfigurationList;
			buildConfigurations = (
				127A22EB1DF142980002EF34 /* Debug */,
				127A22EC1DF142980002EF34 /* Release */,
			);
			defaultConfigurationIsVisible = 0;
			defaultConfigurationName = Release;
		};
/* End XCConfigurationList section */
	};
	rootObject = 127A22D01DF142980002EF34 /* Project object */;
}
